
Microsoft Visual Studio Solution File, Format Version 12.00
# Visual Studio Version 17
VisualStudioVersion = 17.3.32819.101
MinimumVisualStudioVersion = 10.0.40219.1
Project("{9A19103F-16F7-4668-BE54-9A1E7A4F7556}") = "ZaferTurizm.DataAccess", "ZaferTurizm.DataAccess\ZaferTurizm.DataAccess.csproj", "{D0B8AADA-4799-4E93-B92F-EF4655CBDAAB}"
EndProject
Project("{9A19103F-16F7-4668-BE54-9A1E7A4F7556}") = "ZaferTurizm.Domain", "ZaferTurizm.Domain\ZaferTurizm.Domain.csproj", "{490E3A71-80EA-4498-B5DD-970222C7F46F}"
EndProject
Project("{9A19103F-16F7-4668-BE54-9A1E7A4F7556}") = "ZaferTurizm", "ZaferTurizm\ZaferTurizm.csproj", "{9074FC32-2C0B-4905-A2DF-D68F1440715B}"
EndProject
Project("{9A19103F-16F7-4668-BE54-9A1E7A4F7556}") = "ZaferTurizm.Bussiness", "ZaferTurizm.Bussiness\ZaferTurizm.Bussiness.csproj", "{0CF93949-C195-4781-8F41-B058C6ECD6B3}"
EndProject
Project("{9A19103F-16F7-4668-BE54-9A1E7A4F7556}") = "ZaferTurizm.WebApps", "ZaferTurizm.WebApps\ZaferTurizm.WebApps.csproj", "{FF353397-96D0-409D-B7CB-784823A6C43A}"
EndProject
Global
	GlobalSection(SolutionConfigurationPlatforms) = preSolution
		Debug|Any CPU = Debug|Any CPU
		Release|Any CPU = Release|Any CPU
	EndGlobalSection
	GlobalSection(ProjectConfigurationPlatforms) = postSolution
		{D0B8AADA-4799-4E93-B92F-EF4655CBDAAB}.Debug|Any CPU.ActiveCfg = Debug|Any CPU
		{D0B8AADA-4799-4E93-B92F-EF4655CBDAAB}.Debug|Any CPU.Build.0 = Debug|Any CPU
		{D0B8AADA-4799-4E93-B92F-EF4655CBDAAB}.Release|Any CPU.ActiveCfg = Release|Any CPU
		{D0B8AADA-4799-4E93-B92F-EF4655CBDAAB}.Release|Any CPU.Build.0 = Release|Any CPU
		{490E3A71-80EA-4498-B5DD-970222C7F46F}.Debug|Any CPU.ActiveCfg = Debug|Any CPU
		{490E3A71-80EA-4498-B5DD-970222C7F46F}.Debug|Any CPU.Build.0 = Debug|Any CPU
		{490E3A71-80EA-4498-B5DD-970222C7F46F}.Release|Any CPU.ActiveCfg = Release|Any CPU
		{490E3A71-80EA-4498-B5DD-970222C7F46F}.Release|Any CPU.Build.0 = Release|Any CPU
		{9074FC32-2C0B-4905-A2DF-D68F1440715B}.Debug|Any CPU.ActiveCfg = Debug|Any CPU
		{9074FC32-2C0B-4905-A2DF-D68F1440715B}.Debug|Any CPU.Build.0 = Debug|Any CPU
		{9074FC32-2C0B-4905-A2DF-D68F1440715B}.Release|Any CPU.ActiveCfg = Release|Any CPU
		{9074FC32-2C0B-4905-A2DF-D68F1440715B}.Release|Any CPU.Build.0 = Release|Any CPU
		{0CF93949-C195-4781-8F41-B058C6ECD6B3}.Debug|Any CPU.ActiveCfg = Debug|Any CPU
		{0CF93949-C195-4781-8F41-B058C6ECD6B3}.Debug|Any CPU.Build.0 = Debug|Any CPU
		{0CF93949-C195-4781-8F41-B058C6ECD6B3}.Release|Any CPU.ActiveCfg = Release|Any CPU
		{0CF93949-C195-4781-8F41-B058C6ECD6B3}.Release|Any CPU.Build.0 = Release|Any CPU
		{FF353397-96D0-409D-B7CB-784823A6C43A}.Debug|Any CPU.ActiveCfg = Debug|Any CPU
		{FF353397-96D0-409D-B7CB-784823A6C43A}.Debug|Any CPU.Build.0 = Debug|Any CPU
		{FF353397-96D0-409D-B7CB-784823A6C43A}.Release|Any CPU.ActiveCfg = Release|Any CPU
		{FF353397-96D0-409D-B7CB-784823A6C43A}.Release|Any CPU.Build.0 = Release|Any CPU
	EndGlobalSection
	GlobalSection(SolutionProperties) = preSolution
		HideSolutionNode = FALSE
	EndGlobalSection
	GlobalSection(ExtensibilityGlobals) = postSolution
		SolutionGuid = {3E3422A2-406B-40A0-A8BA-D9B63AFB1F18}
	EndGlobalSection
EndGlobal
